
Microsoft Visual Studio Solution File, Format Version 12.00
# Visual Studio 15
VisualStudioVersion = 15.0.27004.2009
MinimumVisualStudioVersion = 10.0.40219.1
Project("{FAE04EC0-301F-11D3-BF4B-00C04F79EFBC}") = "WindowsFormsApp1", "WindowsFormsApp1\WindowsFormsApp1.csproj", "{47CB4717-D7E5-458D-9E63-462DB0C3C298}"
EndProject
Global
	GlobalSection(SolutionConfigurationPlatforms) = preSolution
		Debug|Any CPU = Debug|Any CPU
		Release|Any CPU = Release|Any CPU
	EndGlobalSection
	GlobalSection(ProjectConfigurationPlatforms) = postSolution
		{47CB4717-D7E5-458D-9E63-462DB0C3C298}.Debug|Any CPU.ActiveCfg = Debug|Any CPU
		{47CB4717-D7E5-458D-9E63-462DB0C3C298}.Debug|Any CPU.Build.0 = Debug|Any CPU
		{47CB4717-D7E5-458D-9E63-462DB0C3C298}.Release|Any CPU.ActiveCfg = Release|Any CPU
		{47CB4717-D7E5-458D-9E63-462DB0C3C298}.Release|Any CPU.Build.0 = Release|Any CPU
	EndGlobalSection
	GlobalSection(SolutionProperties) = preSolution
		HideSolutionNode = FALSE
	EndGlobalSection
	GlobalSection(ExtensibilityGlobals) = postSolution
		SolutionGuid = {FFB145B5-3369-4707-947E-0658AB8FA7AC}
	EndGlobalSection
EndGlobal
